PODS:
  - FlutterMacOS (1.0.0)
  - macos_haptic_feedback (0.0.1):
    - FlutterMacOS

DEPENDENCIES:
  - FlutterMacOS (from `Flutter/ephemeral`)
  - macos_haptic_feedback (from `Flutter/ephemeral/.symlinks/plugins/macos_haptic_feedback/macos`)

EXTERNAL SOURCES:
  FlutterMacOS:
    :path: Flutter/ephemeral
  macos_haptic_feedback:
    :path: Flutter/ephemeral/.symlinks/plugins/macos_haptic_feedback/macos

SPEC CHECKSUMS:
  FlutterMacOS: 8f6f14fa908a6fb3fba0cd85dbd81ec4b251fb24
  macos_haptic_feedback: dba4076fe71c5fe34f48b1a66e43bea43a15224a

PODFILE CHECKSUM: 236401fc2c932af29a9fcf0e97baeeb2d750d367

COCOAPODS: 1.12.1
